
Microsoft Visual Studio Solution File, Format Version 12.00
# Visual Studio 14
VisualStudioVersion = 14.0.25420.1
MinimumVisualStudioVersion = 10.0.40219.1
Project("{8BC9CEB8-8B4A-11D0-8D11-00A0C91BC942}") = "LabProject00", "LabProject00\LabProject00.vcxproj", "{662B99E1-170C-4F98-A2D3-649450A3E01D}"
EndProject
Project("{8BC9CEB8-8B4A-11D0-8D11-00A0C91BC942}") = "LabProject01", "LabProject01\LabProject01.vcxproj", "{D7BB0E01-7C4E-4BEC-935C-84EF33B0E6D0}"
EndProject
Project("{8BC9CEB8-8B4A-11D0-8D11-00A0C91BC942}") = "LabProject02", "LabProject02\LabProject02.vcxproj", "{5F4F499F-9560-4787-89E0-EDC5E277BFD2}"
EndProject
Global
	GlobalSection(SolutionConfigurationPlatforms) = preSolution
		Debug|x64 = Debug|x64
		Debug|x86 = Debug|x86
		Release|x64 = Release|x64
		Release|x86 = Release|x86
	EndGlobalSection
	GlobalSection(ProjectConfigurationPlatforms) = postSolution
		{662B99E1-170C-4F98-A2D3-649450A3E01D}.Debug|x64.ActiveCfg = Debug|x64
		{662B99E1-170C-4F98-A2D3-649450A3E01D}.Debug|x64.Build.0 = Debug|x64
		{662B99E1-170C-4F98-A2D3-649450A3E01D}.Debug|x86.ActiveCfg = Debug|Win32
		{662B99E1-170C-4F98-A2D3-649450A3E01D}.Debug|x86.Build.0 = Debug|Win32
		{662B99E1-170C-4F98-A2D3-649450A3E01D}.Release|x64.ActiveCfg = Release|x64
		{662B99E1-170C-4F98-A2D3-649450A3E01D}.Release|x64.Build.0 = Release|x64
		{662B99E1-170C-4F98-A2D3-649450A3E01D}.Release|x86.ActiveCfg = Release|Win32
		{662B99E1-170C-4F98-A2D3-649450A3E01D}.Release|x86.Build.0 = Release|Win32
		{D7BB0E01-7C4E-4BEC-935C-84EF33B0E6D0}.Debug|x64.ActiveCfg = Debug|x64
		{D7BB0E01-7C4E-4BEC-935C-84EF33B0E6D0}.Debug|x64.Build.0 = Debug|x64
		{D7BB0E01-7C4E-4BEC-935C-84EF33B0E6D0}.Debug|x86.ActiveCfg = Debug|Win32
		{D7BB0E01-7C4E-4BEC-935C-84EF33B0E6D0}.Debug|x86.Build.0 = Debug|Win32
		{D7BB0E01-7C4E-4BEC-935C-84EF33B0E6D0}.Release|x64.ActiveCfg = Release|x64
		{D7BB0E01-7C4E-4BEC-935C-84EF33B0E6D0}.Release|x64.Build.0 = Release|x64
		{D7BB0E01-7C4E-4BEC-935C-84EF33B0E6D0}.Release|x86.ActiveCfg = Release|Win32
		{D7BB0E01-7C4E-4BEC-935C-84EF33B0E6D0}.Release|x86.Build.0 = Release|Win32
		{5F4F499F-9560-4787-89E0-EDC5E277BFD2}.Debug|x64.ActiveCfg = Debug|x64
		{5F4F499F-9560-4787-89E0-EDC5E277BFD2}.Debug|x64.Build.0 = Debug|x64
		{5F4F499F-9560-4787-89E0-EDC5E277BFD2}.Debug|x86.ActiveCfg = Debug|Win32
		{5F4F499F-9560-4787-89E0-EDC5E277BFD2}.Debug|x86.Build.0 = Debug|Win32
		{5F4F499F-9560-4787-89E0-EDC5E277BFD2}.Release|x64.ActiveCfg = Release|x64
		{5F4F499F-9560-4787-89E0-EDC5E277BFD2}.Release|x64.Build.0 = Release|x64
		{5F4F499F-9560-4787-89E0-EDC5E277BFD2}.Release|x86.ActiveCfg = Release|Win32
		{5F4F499F-9560-4787-89E0-EDC5E277BFD2}.Release|x86.Build.0 = Release|Win32
	EndGlobalSection
	GlobalSection(SolutionProperties) = preSolution
		HideSolutionNode = FALSE
	EndGlobalSection
EndGlobal
